
Microsoft Visual Studio Solution File, Format Version 12.00
# Visual Studio Version 16
VisualStudioVersion = 16.0.29728.190
MinimumVisualStudioVersion = 10.0.40219.1
Project("{FAE04EC0-301F-11D3-BF4B-00C04F79EFBC}") = "MusicPlayer.Client", "MusicPlayer.Client\MusicPlayer.Client.csproj", "{5AC8AE93-8D68-4333-B992-61C981D5C901}"
EndProject
Project("{FAE04EC0-301F-11D3-BF4B-00C04F79EFBC}") = "MusicPlayer.BusinessLogicLayer", "MusicPlayer.BusinessLogicLayer\MusicPlayer.BusinessLogicLayer.csproj", "{81C28514-9BD7-445A-84B1-0AD54EA9B8B9}"
EndProject
Project("{FAE04EC0-301F-11D3-BF4B-00C04F79EFBC}") = "MusicPlayer.Entities", "MusicPlayer.Entities\MusicPlayer.Entities.csproj", "{67F81478-F18F-4A95-BC21-D2FA232CBB77}"
EndProject
Project("{FAE04EC0-301F-11D3-BF4B-00C04F79EFBC}") = "MusicPlayer.Services", "MusicPlayer.Services\MusicPlayer.Services.csproj", "{81766F26-2884-4F24-AAA1-463A99D28EDC}"
EndProject
Project("{FAE04EC0-301F-11D3-BF4B-00C04F79EFBC}") = "MusicPlayer.DataAccessLayer", "MusicPlayer.DataAccessLayer\MusicPlayer.DataAccessLayer.csproj", "{2FF80B53-4696-4002-B842-E1593F9B4DD3}"
EndProject
Project("{FAE04EC0-301F-11D3-BF4B-00C04F79EFBC}") = "MusicPlayer.SelfHost", "MusicPlayer.SelfHost\MusicPlayer.SelfHost.csproj", "{0EA5B992-48D1-48F7-A604-A23C414DF0D8}"
EndProject
Project("{FAE04EC0-301F-11D3-BF4B-00C04F79EFBC}") = "MusicPlayer.Models", "MusicPlayer.Models\MusicPlayer.Models.csproj", "{06E1A76C-80A4-4D1F-93E5-87F7945825D8}"
EndProject
Global
	GlobalSection(SolutionConfigurationPlatforms) = preSolution
		Debug|Any CPU = Debug|Any CPU
		Release|Any CPU = Release|Any CPU
	EndGlobalSection
	GlobalSection(ProjectConfigurationPlatforms) = postSolution
		{5AC8AE93-8D68-4333-B992-61C981D5C901}.Debug|Any CPU.ActiveCfg = Debug|Any CPU
		{5AC8AE93-8D68-4333-B992-61C981D5C901}.Debug|Any CPU.Build.0 = Debug|Any CPU
		{5AC8AE93-8D68-4333-B992-61C981D5C901}.Release|Any CPU.ActiveCfg = Release|Any CPU
		{5AC8AE93-8D68-4333-B992-61C981D5C901}.Release|Any CPU.Build.0 = Release|Any CPU
		{81C28514-9BD7-445A-84B1-0AD54EA9B8B9}.Debug|Any CPU.ActiveCfg = Debug|Any CPU
		{81C28514-9BD7-445A-84B1-0AD54EA9B8B9}.Debug|Any CPU.Build.0 = Debug|Any CPU
		{81C28514-9BD7-445A-84B1-0AD54EA9B8B9}.Release|Any CPU.ActiveCfg = Release|Any CPU
		{81C28514-9BD7-445A-84B1-0AD54EA9B8B9}.Release|Any CPU.Build.0 = Release|Any CPU
		{67F81478-F18F-4A95-BC21-D2FA232CBB77}.Debug|Any CPU.ActiveCfg = Debug|Any CPU
		{67F81478-F18F-4A95-BC21-D2FA232CBB77}.Debug|Any CPU.Build.0 = Debug|Any CPU
		{67F81478-F18F-4A95-BC21-D2FA232CBB77}.Release|Any CPU.ActiveCfg = Release|Any CPU
		{67F81478-F18F-4A95-BC21-D2FA232CBB77}.Release|Any CPU.Build.0 = Release|Any CPU
		{81766F26-2884-4F24-AAA1-463A99D28EDC}.Debug|Any CPU.ActiveCfg = Debug|Any CPU
		{81766F26-2884-4F24-AAA1-463A99D28EDC}.Debug|Any CPU.Build.0 = Debug|Any CPU
		{81766F26-2884-4F24-AAA1-463A99D28EDC}.Release|Any CPU.ActiveCfg = Release|Any CPU
		{81766F26-2884-4F24-AAA1-463A99D28EDC}.Release|Any CPU.Build.0 = Release|Any CPU
		{2FF80B53-4696-4002-B842-E1593F9B4DD3}.Debug|Any CPU.ActiveCfg = Debug|Any CPU
		{2FF80B53-4696-4002-B842-E1593F9B4DD3}.Debug|Any CPU.Build.0 = Debug|Any CPU
		{2FF80B53-4696-4002-B842-E1593F9B4DD3}.Release|Any CPU.ActiveCfg = Release|Any CPU
		{2FF80B53-4696-4002-B842-E1593F9B4DD3}.Release|Any CPU.Build.0 = Release|Any CPU
		{0EA5B992-48D1-48F7-A604-A23C414DF0D8}.Debug|Any CPU.ActiveCfg = Debug|Any CPU
		{0EA5B992-48D1-48F7-A604-A23C414DF0D8}.Debug|Any CPU.Build.0 = Debug|Any CPU
		{0EA5B992-48D1-48F7-A604-A23C414DF0D8}.Release|Any CPU.ActiveCfg = Release|Any CPU
		{0EA5B992-48D1-48F7-A604-A23C414DF0D8}.Release|Any CPU.Build.0 = Release|Any CPU
		{06E1A76C-80A4-4D1F-93E5-87F7945825D8}.Debug|Any CPU.ActiveCfg = Debug|Any CPU
		{06E1A76C-80A4-4D1F-93E5-87F7945825D8}.Debug|Any CPU.Build.0 = Debug|Any CPU
		{06E1A76C-80A4-4D1F-93E5-87F7945825D8}.Release|Any CPU.ActiveCfg = Release|Any CPU
		{06E1A76C-80A4-4D1F-93E5-87F7945825D8}.Release|Any CPU.Build.0 = Release|Any CPU
	EndGlobalSection
	GlobalSection(SolutionProperties) = preSolution
		HideSolutionNode = FALSE
	EndGlobalSection
	GlobalSection(ExtensibilityGlobals) = postSolution
		SolutionGuid = {7C701C19-E8A2-4584-B237-3B4C7B6CA8A9}
	EndGlobalSection
EndGlobal
